
Microsoft Visual Studio Solution File, Format Version 12.00
# Visual Studio Version 16
VisualStudioVersion = 16.0.30907.101
MinimumVisualStudioVersion = 10.0.40219.1
Project("{FAE04EC0-301F-11D3-BF4B-00C04F79EFBC}") = "CSGO_3DPrinter", "CSGO_3DPrinter\CSGO_3DPrinter.csproj", "{F4CC0889-E789-4DC5-92D4-5B11A24FAD3E}"
EndProject
Global
	GlobalSection(SolutionConfigurationPlatforms) = preSolution
		Debug|Any CPU = Debug|Any CPU
		Release|Any CPU = Release|Any CPU
	EndGlobalSection
	GlobalSection(ProjectConfigurationPlatforms) = postSolution
		{F4CC0889-E789-4DC5-92D4-5B11A24FAD3E}.Debug|Any CPU.ActiveCfg = Debug|Any CPU
		{F4CC0889-E789-4DC5-92D4-5B11A24FAD3E}.Debug|Any CPU.Build.0 = Debug|Any CPU
		{F4CC0889-E789-4DC5-92D4-5B11A24FAD3E}.Release|Any CPU.ActiveCfg = Release|Any CPU
		{F4CC0889-E789-4DC5-92D4-5B11A24FAD3E}.Release|Any CPU.Build.0 = Release|Any CPU
	EndGlobalSection
	GlobalSection(SolutionProperties) = preSolution
		HideSolutionNode = FALSE
	EndGlobalSection
	GlobalSection(ExtensibilityGlobals) = postSolution
		SolutionGuid = {1882E0B7-E9CB-4A03-BA5B-00724CD533D1}
	EndGlobalSection
EndGlobal
